
Microsoft Visual Studio Solution File, Format Version 12.00
# Visual Studio Version 17
VisualStudioVersion = 17.9.34714.143
MinimumVisualStudioVersion = 10.0.40219.1
Project("{FAE04EC0-301F-11D3-BF4B-00C04F79EFBC}") = "Exception_Filter", "Exception_Filter\Exception_Filter.csproj", "{3147BB74-D1C4-4E29-80AD-85B0055E196C}"
EndProject
Global
	GlobalSection(SolutionConfigurationPlatforms) = preSolution
		Debug|Any CPU = Debug|Any CPU
		Release|Any CPU = Release|Any CPU
	EndGlobalSection
	GlobalSection(ProjectConfigurationPlatforms) = postSolution
		{3147BB74-D1C4-4E29-80AD-85B0055E196C}.Debug|Any CPU.ActiveCfg = Debug|Any CPU
		{3147BB74-D1C4-4E29-80AD-85B0055E196C}.Debug|Any CPU.Build.0 = Debug|Any CPU
		{3147BB74-D1C4-4E29-80AD-85B0055E196C}.Release|Any CPU.ActiveCfg = Release|Any CPU
		{3147BB74-D1C4-4E29-80AD-85B0055E196C}.Release|Any CPU.Build.0 = Release|Any CPU
	EndGlobalSection
	GlobalSection(SolutionProperties) = preSolution
		HideSolutionNode = FALSE
	EndGlobalSection
	GlobalSection(ExtensibilityGlobals) = postSolution
		SolutionGuid = {78765690-FAA2-4382-B4E5-997F163E6F17}
	EndGlobalSection
EndGlobal
